
Microsoft Visual Studio Solution File, Format Version 12.00
# Visual Studio Version 16
VisualStudioVersion = 16.0.30907.101
MinimumVisualStudioVersion = 10.0.40219.1
Project("{FAE04EC0-301F-11D3-BF4B-00C04F79EFBC}") = "MazeGamee", "MazeGamee\MazeGamee.csproj", "{7676CBB1-C613-47C6-B3F3-EF95FBF891FE}"
EndProject
Global
	GlobalSection(SolutionConfigurationPlatforms) = preSolution
		Debug|Any CPU = Debug|Any CPU
		Release|Any CPU = Release|Any CPU
	EndGlobalSection
	GlobalSection(ProjectConfigurationPlatforms) = postSolution
		{7676CBB1-C613-47C6-B3F3-EF95FBF891FE}.Debug|Any CPU.ActiveCfg = Debug|Any CPU
		{7676CBB1-C613-47C6-B3F3-EF95FBF891FE}.Debug|Any CPU.Build.0 = Debug|Any CPU
		{7676CBB1-C613-47C6-B3F3-EF95FBF891FE}.Release|Any CPU.ActiveCfg = Release|Any CPU
		{7676CBB1-C613-47C6-B3F3-EF95FBF891FE}.Release|Any CPU.Build.0 = Release|Any CPU
	EndGlobalSection
	GlobalSection(SolutionProperties) = preSolution
		HideSolutionNode = FALSE
	EndGlobalSection
	GlobalSection(ExtensibilityGlobals) = postSolution
		SolutionGuid = {17045FD4-3A46-4D8F-B7DA-A54DB09ECB71}
	EndGlobalSection
EndGlobal
